
Microsoft Visual Studio Solution File, Format Version 12.00
Project("{2150E333-8FDC-42A3-9474-1A3956D46DE8}") = "Services", "Services", "{49937F1C-B848-468D-A6EE-E14AE039A4C0}"
EndProject
Project("{2150E333-8FDC-42A3-9474-1A3956D46DE8}") = "Analyzer", "Analyzer", "{032C8042-F003-4B3F-89CD-2C7D8FDF05FE}"
EndProject
Project("{2150E333-8FDC-42A3-9474-1A3956D46DE8}") = "DataSearcher", "DataSearcher", "{E2B115B5-2AB7-4B14-B1FA-E74C1AFAA126}"
EndProject
Project("{FAE04EC0-301F-11D3-BF4B-00C04F79EFBC}") = "Analyzer.API", "Services\Analyzer\Analyzer.API\Analyzer.API.csproj", "{E2E691D7-4EFC-4CD9-8D26-E9C9E2EF0540}"
EndProject
Project("{FAE04EC0-301F-11D3-BF4B-00C04F79EFBC}") = "Analyzer.Data", "Services\Analyzer\Analyzer.Data\Analyzer.Data.csproj", "{DDC197B0-78DA-44D1-B0DE-91F91157DD6A}"
EndProject
Project("{FAE04EC0-301F-11D3-BF4B-00C04F79EFBC}") = "Analyzer.Domain", "Services\Analyzer\Analyzer.Domain\Analyzer.Domain.csproj", "{DB1349C4-4F2A-417D-8B2E-F3A1F95E518F}"
EndProject
Project("{FAE04EC0-301F-11D3-BF4B-00C04F79EFBC}") = "DataSearcher.API", "Services\DataSearcher\DataSearcher.API\DataSearcher.API.csproj", "{1E97BFC2-451A-4BEF-ABAA-CABDA3BD7BDE}"
EndProject
Project("{FAE04EC0-301F-11D3-BF4B-00C04F79EFBC}") = "DataSearcher.Data", "Services\DataSearcher\DataSearcher.Data\DataSearcher.Data.csproj", "{4242ACA0-C55D-438A-A9BA-2D2908EFE296}"
EndProject
Project("{FAE04EC0-301F-11D3-BF4B-00C04F79EFBC}") = "DataSearcher.Domain", "Services\DataSearcher\DataSearcher.Domain\DataSearcher.Domain.csproj", "{429A98F7-07B8-4EE4-B815-A28C76EE703D}"
EndProject
Project("{FAE04EC0-301F-11D3-BF4B-00C04F79EFBC}") = "DataSearcher.Tests", "Services\DataSearcher\DataSearcher.Tests\DataSearcher.Tests.csproj", "{6D943CED-4929-450A-95A9-75411DAA168F}"
EndProject
Project("{FAE04EC0-301F-11D3-BF4B-00C04F79EFBC}") = "HATProject.Infrastructure", "HATProject.Infrastructure\HATProject.Infrastructure.csproj", "{FEC49DEE-53E1-46EB-946D-751EBD357A67}"
EndProject
Project("{2150E333-8FDC-42A3-9474-1A3956D46DE8}") = "Transports", "Transports", "{BDACDCA7-9C58-4532-A8B7-6C3AE7D00C7C}"
EndProject
Project("{FAE04EC0-301F-11D3-BF4B-00C04F79EFBC}") = "Transports.API", "Services\Transports\Transports.API\Transports.API.csproj", "{FBF1EABD-FFD0-4917-8E52-5CACE46FFF79}"
EndProject
Project("{FAE04EC0-301F-11D3-BF4B-00C04F79EFBC}") = "Transports.Data", "Services\Transports\Transports.Data\Transports.Data.csproj", "{BE190DFB-4BE8-4BB3-9DDF-6FBED6B3B0B1}"
EndProject
Project("{FAE04EC0-301F-11D3-BF4B-00C04F79EFBC}") = "Transports.Domain", "Services\Transports\Transports.Domain\Transports.Domain.csproj", "{192F2392-18DC-4495-ADD5-78A41165D405}"
EndProject
Global
	GlobalSection(SolutionConfigurationPlatforms) = preSolution
		Debug|Any CPU = Debug|Any CPU
		Release|Any CPU = Release|Any CPU
	EndGlobalSection
	GlobalSection(NestedProjects) = preSolution
		{032C8042-F003-4B3F-89CD-2C7D8FDF05FE} = {49937F1C-B848-468D-A6EE-E14AE039A4C0}
		{E2B115B5-2AB7-4B14-B1FA-E74C1AFAA126} = {49937F1C-B848-468D-A6EE-E14AE039A4C0}
		{E2E691D7-4EFC-4CD9-8D26-E9C9E2EF0540} = {032C8042-F003-4B3F-89CD-2C7D8FDF05FE}
		{DDC197B0-78DA-44D1-B0DE-91F91157DD6A} = {032C8042-F003-4B3F-89CD-2C7D8FDF05FE}
		{DB1349C4-4F2A-417D-8B2E-F3A1F95E518F} = {032C8042-F003-4B3F-89CD-2C7D8FDF05FE}
		{1E97BFC2-451A-4BEF-ABAA-CABDA3BD7BDE} = {E2B115B5-2AB7-4B14-B1FA-E74C1AFAA126}
		{4242ACA0-C55D-438A-A9BA-2D2908EFE296} = {E2B115B5-2AB7-4B14-B1FA-E74C1AFAA126}
		{429A98F7-07B8-4EE4-B815-A28C76EE703D} = {E2B115B5-2AB7-4B14-B1FA-E74C1AFAA126}
		{6D943CED-4929-450A-95A9-75411DAA168F} = {E2B115B5-2AB7-4B14-B1FA-E74C1AFAA126}
		{BDACDCA7-9C58-4532-A8B7-6C3AE7D00C7C} = {49937F1C-B848-468D-A6EE-E14AE039A4C0}
		{FBF1EABD-FFD0-4917-8E52-5CACE46FFF79} = {BDACDCA7-9C58-4532-A8B7-6C3AE7D00C7C}
		{BE190DFB-4BE8-4BB3-9DDF-6FBED6B3B0B1} = {BDACDCA7-9C58-4532-A8B7-6C3AE7D00C7C}
		{192F2392-18DC-4495-ADD5-78A41165D405} = {BDACDCA7-9C58-4532-A8B7-6C3AE7D00C7C}
	EndGlobalSection
	GlobalSection(ProjectConfigurationPlatforms) = postSolution
		{E2E691D7-4EFC-4CD9-8D26-E9C9E2EF0540}.Debug|Any CPU.ActiveCfg = Debug|Any CPU
		{E2E691D7-4EFC-4CD9-8D26-E9C9E2EF0540}.Debug|Any CPU.Build.0 = Debug|Any CPU
		{E2E691D7-4EFC-4CD9-8D26-E9C9E2EF0540}.Release|Any CPU.ActiveCfg = Release|Any CPU
		{E2E691D7-4EFC-4CD9-8D26-E9C9E2EF0540}.Release|Any CPU.Build.0 = Release|Any CPU
		{DDC197B0-78DA-44D1-B0DE-91F91157DD6A}.Debug|Any CPU.ActiveCfg = Debug|Any CPU
		{DDC197B0-78DA-44D1-B0DE-91F91157DD6A}.Debug|Any CPU.Build.0 = Debug|Any CPU
		{DDC197B0-78DA-44D1-B0DE-91F91157DD6A}.Release|Any CPU.ActiveCfg = Release|Any CPU
		{DDC197B0-78DA-44D1-B0DE-91F91157DD6A}.Release|Any CPU.Build.0 = Release|Any CPU
		{DB1349C4-4F2A-417D-8B2E-F3A1F95E518F}.Debug|Any CPU.ActiveCfg = Debug|Any CPU
		{DB1349C4-4F2A-417D-8B2E-F3A1F95E518F}.Debug|Any CPU.Build.0 = Debug|Any CPU
		{DB1349C4-4F2A-417D-8B2E-F3A1F95E518F}.Release|Any CPU.ActiveCfg = Release|Any CPU
		{DB1349C4-4F2A-417D-8B2E-F3A1F95E518F}.Release|Any CPU.Build.0 = Release|Any CPU
		{1E97BFC2-451A-4BEF-ABAA-CABDA3BD7BDE}.Debug|Any CPU.ActiveCfg = Debug|Any CPU
		{1E97BFC2-451A-4BEF-ABAA-CABDA3BD7BDE}.Debug|Any CPU.Build.0 = Debug|Any CPU
		{1E97BFC2-451A-4BEF-ABAA-CABDA3BD7BDE}.Release|Any CPU.ActiveCfg = Release|Any CPU
		{1E97BFC2-451A-4BEF-ABAA-CABDA3BD7BDE}.Release|Any CPU.Build.0 = Release|Any CPU
		{4242ACA0-C55D-438A-A9BA-2D2908EFE296}.Debug|Any CPU.ActiveCfg = Debug|Any CPU
		{4242ACA0-C55D-438A-A9BA-2D2908EFE296}.Debug|Any CPU.Build.0 = Debug|Any CPU
		{4242ACA0-C55D-438A-A9BA-2D2908EFE296}.Release|Any CPU.ActiveCfg = Release|Any CPU
		{4242ACA0-C55D-438A-A9BA-2D2908EFE296}.Release|Any CPU.Build.0 = Release|Any CPU
		{429A98F7-07B8-4EE4-B815-A28C76EE703D}.Debug|Any CPU.ActiveCfg = Debug|Any CPU
		{429A98F7-07B8-4EE4-B815-A28C76EE703D}.Debug|Any CPU.Build.0 = Debug|Any CPU
		{429A98F7-07B8-4EE4-B815-A28C76EE703D}.Release|Any CPU.ActiveCfg = Release|Any CPU
		{429A98F7-07B8-4EE4-B815-A28C76EE703D}.Release|Any CPU.Build.0 = Release|Any CPU
		{6D943CED-4929-450A-95A9-75411DAA168F}.Debug|Any CPU.ActiveCfg = Debug|Any CPU
		{6D943CED-4929-450A-95A9-75411DAA168F}.Debug|Any CPU.Build.0 = Debug|Any CPU
		{6D943CED-4929-450A-95A9-75411DAA168F}.Release|Any CPU.ActiveCfg = Release|Any CPU
		{6D943CED-4929-450A-95A9-75411DAA168F}.Release|Any CPU.Build.0 = Release|Any CPU
		{FEC49DEE-53E1-46EB-946D-751EBD357A67}.Debug|Any CPU.ActiveCfg = Debug|Any CPU
		{FEC49DEE-53E1-46EB-946D-751EBD357A67}.Debug|Any CPU.Build.0 = Debug|Any CPU
		{FEC49DEE-53E1-46EB-946D-751EBD357A67}.Release|Any CPU.ActiveCfg = Release|Any CPU
		{FEC49DEE-53E1-46EB-946D-751EBD357A67}.Release|Any CPU.Build.0 = Release|Any CPU
		{FBF1EABD-FFD0-4917-8E52-5CACE46FFF79}.Debug|Any CPU.ActiveCfg = Debug|Any CPU
		{FBF1EABD-FFD0-4917-8E52-5CACE46FFF79}.Debug|Any CPU.Build.0 = Debug|Any CPU
		{FBF1EABD-FFD0-4917-8E52-5CACE46FFF79}.Release|Any CPU.ActiveCfg = Release|Any CPU
		{FBF1EABD-FFD0-4917-8E52-5CACE46FFF79}.Release|Any CPU.Build.0 = Release|Any CPU
		{BE190DFB-4BE8-4BB3-9DDF-6FBED6B3B0B1}.Debug|Any CPU.ActiveCfg = Debug|Any CPU
		{BE190DFB-4BE8-4BB3-9DDF-6FBED6B3B0B1}.Debug|Any CPU.Build.0 = Debug|Any CPU
		{BE190DFB-4BE8-4BB3-9DDF-6FBED6B3B0B1}.Release|Any CPU.ActiveCfg = Release|Any CPU
		{BE190DFB-4BE8-4BB3-9DDF-6FBED6B3B0B1}.Release|Any CPU.Build.0 = Release|Any CPU
		{192F2392-18DC-4495-ADD5-78A41165D405}.Debug|Any CPU.ActiveCfg = Debug|Any CPU
		{192F2392-18DC-4495-ADD5-78A41165D405}.Debug|Any CPU.Build.0 = Debug|Any CPU
		{192F2392-18DC-4495-ADD5-78A41165D405}.Release|Any CPU.ActiveCfg = Release|Any CPU
		{192F2392-18DC-4495-ADD5-78A41165D405}.Release|Any CPU.Build.0 = Release|Any CPU
	EndGlobalSection
EndGlobal
